
Microsoft Visual Studio Solution File, Format Version 12.00
# Visual Studio 14
VisualStudioVersion = 14.0.25420.1
MinimumVisualStudioVersion = 10.0.40219.1
Project("{FAE04EC0-301F-11D3-BF4B-00C04F79EFBC}") = "Web", "DreamCatcher\Clients\Web\Web.csproj", "{B09035BA-19BB-45DE-9345-2996920404E5}"
EndProject
Project("{2150E333-8FDC-42A3-9474-1A3956D46DE8}") = "Clients", "Clients", "{F8A9F443-DC35-4113-9D76-5CDBE23817BE}"
EndProject
Project("{2150E333-8FDC-42A3-9474-1A3956D46DE8}") = "Business", "Business", "{2A956808-6CAE-4163-AA77-77EBA72C6FC8}"
EndProject
Project("{FAE04EC0-301F-11D3-BF4B-00C04F79EFBC}") = "Business", "DreamCatcher\Business\Business\Business.csproj", "{9C9751B9-DBD0-4671-A26F-082E3982E560}"
EndProject
Project("{FAE04EC0-301F-11D3-BF4B-00C04F79EFBC}") = "Business.Entities", "DreamCatcher\Business\Business.Entities\Business.Entities.csproj", "{1C10E2F3-4A31-4481-9B58-67E1F55EC354}"
EndProject
Project("{FAE04EC0-301F-11D3-BF4B-00C04F79EFBC}") = "Business.Interfaces", "DreamCatcher\Business\Business.Interfaces\Business.Interfaces.csproj", "{F62255A2-5D93-413C-AA85-F1021CA0ACF5}"
EndProject
Project("{2150E333-8FDC-42A3-9474-1A3956D46DE8}") = "Persistence", "Persistence", "{C4344EB5-C6FD-4A0B-BE96-FE27D5501A62}"
EndProject
Project("{FAE04EC0-301F-11D3-BF4B-00C04F79EFBC}") = "EntityFramework", "DreamCatcher\Persistence\EntityFramework\EntityFramework.csproj", "{D9F24B33-7DFC-446E-8EC5-4911F242168C}"
EndProject
Global
	GlobalSection(SolutionConfigurationPlatforms) = preSolution
		Debug|Any CPU = Debug|Any CPU
		Release|Any CPU = Release|Any CPU
	EndGlobalSection
	GlobalSection(ProjectConfigurationPlatforms) = postSolution
		{B09035BA-19BB-45DE-9345-2996920404E5}.Debug|Any CPU.ActiveCfg = Debug|Any CPU
		{B09035BA-19BB-45DE-9345-2996920404E5}.Debug|Any CPU.Build.0 = Debug|Any CPU
		{B09035BA-19BB-45DE-9345-2996920404E5}.Release|Any CPU.ActiveCfg = Release|Any CPU
		{B09035BA-19BB-45DE-9345-2996920404E5}.Release|Any CPU.Build.0 = Release|Any CPU
		{9C9751B9-DBD0-4671-A26F-082E3982E560}.Debug|Any CPU.ActiveCfg = Debug|Any CPU
		{9C9751B9-DBD0-4671-A26F-082E3982E560}.Debug|Any CPU.Build.0 = Debug|Any CPU
		{9C9751B9-DBD0-4671-A26F-082E3982E560}.Release|Any CPU.ActiveCfg = Release|Any CPU
		{9C9751B9-DBD0-4671-A26F-082E3982E560}.Release|Any CPU.Build.0 = Release|Any CPU
		{1C10E2F3-4A31-4481-9B58-67E1F55EC354}.Debug|Any CPU.ActiveCfg = Debug|Any CPU
		{1C10E2F3-4A31-4481-9B58-67E1F55EC354}.Debug|Any CPU.Build.0 = Debug|Any CPU
		{1C10E2F3-4A31-4481-9B58-67E1F55EC354}.Release|Any CPU.ActiveCfg = Release|Any CPU
		{1C10E2F3-4A31-4481-9B58-67E1F55EC354}.Release|Any CPU.Build.0 = Release|Any CPU
		{F62255A2-5D93-413C-AA85-F1021CA0ACF5}.Debug|Any CPU.ActiveCfg = Debug|Any CPU
		{F62255A2-5D93-413C-AA85-F1021CA0ACF5}.Debug|Any CPU.Build.0 = Debug|Any CPU
		{F62255A2-5D93-413C-AA85-F1021CA0ACF5}.Release|Any CPU.ActiveCfg = Release|Any CPU
		{F62255A2-5D93-413C-AA85-F1021CA0ACF5}.Release|Any CPU.Build.0 = Release|Any CPU
		{D9F24B33-7DFC-446E-8EC5-4911F242168C}.Debug|Any CPU.ActiveCfg = Debug|Any CPU
		{D9F24B33-7DFC-446E-8EC5-4911F242168C}.Debug|Any CPU.Build.0 = Debug|Any CPU
		{D9F24B33-7DFC-446E-8EC5-4911F242168C}.Release|Any CPU.ActiveCfg = Release|Any CPU
		{D9F24B33-7DFC-446E-8EC5-4911F242168C}.Release|Any CPU.Build.0 = Release|Any CPU
	EndGlobalSection
	GlobalSection(SolutionProperties) = preSolution
		HideSolutionNode = FALSE
	EndGlobalSection
	GlobalSection(NestedProjects) = preSolution
		{B09035BA-19BB-45DE-9345-2996920404E5} = {F8A9F443-DC35-4113-9D76-5CDBE23817BE}
		{9C9751B9-DBD0-4671-A26F-082E3982E560} = {2A956808-6CAE-4163-AA77-77EBA72C6FC8}
		{1C10E2F3-4A31-4481-9B58-67E1F55EC354} = {2A956808-6CAE-4163-AA77-77EBA72C6FC8}
		{F62255A2-5D93-413C-AA85-F1021CA0ACF5} = {2A956808-6CAE-4163-AA77-77EBA72C6FC8}
		{D9F24B33-7DFC-446E-8EC5-4911F242168C} = {C4344EB5-C6FD-4A0B-BE96-FE27D5501A62}
	EndGlobalSection
EndGlobal
